
Microsoft Visual Studio Solution File, Format Version 12.00
# Visual Studio 14
VisualStudioVersion = 14.0.25123.0
MinimumVisualStudioVersion = 10.0.40219.1
Project("{FAE04EC0-301F-11D3-BF4B-00C04F79EFBC}") = "FrannHammer.Api.Tests", "FrannHammer.Api.Tests\FrannHammer.Api.Tests.csproj", "{1F7ACBB4-1B26-4C87-8F38-2635753ABD7D}"
EndProject
Project("{FAE04EC0-301F-11D3-BF4B-00C04F79EFBC}") = "FrannHammer.Core.Tests", "FrannHammer.Core.Tests\FrannHammer.Core.Tests.csproj", "{6035B71B-F48B-4051-A9C4-6789D689DF04}"
EndProject
Project("{FAE04EC0-301F-11D3-BF4B-00C04F79EFBC}") = "FrannHammer.AccountRegistrationTool.Tests", "FrannHammer.AccountRegistrationTool.Tests\FrannHammer.AccountRegistrationTool.Tests.csproj", "{7548CF7E-87D7-40A2-8741-F90C07C6AB2F}"
EndProject
Global
	GlobalSection(SolutionConfigurationPlatforms) = preSolution
		Debug|Any CPU = Debug|Any CPU
		Release|Any CPU = Release|Any CPU
	EndGlobalSection
	GlobalSection(ProjectConfigurationPlatforms) = postSolution
		{1F7ACBB4-1B26-4C87-8F38-2635753ABD7D}.Debug|Any CPU.ActiveCfg = Debug|Any CPU
		{1F7ACBB4-1B26-4C87-8F38-2635753ABD7D}.Debug|Any CPU.Build.0 = Debug|Any CPU
		{1F7ACBB4-1B26-4C87-8F38-2635753ABD7D}.Release|Any CPU.ActiveCfg = Release|Any CPU
		{1F7ACBB4-1B26-4C87-8F38-2635753ABD7D}.Release|Any CPU.Build.0 = Release|Any CPU
		{6035B71B-F48B-4051-A9C4-6789D689DF04}.Debug|Any CPU.ActiveCfg = Debug|Any CPU
		{6035B71B-F48B-4051-A9C4-6789D689DF04}.Debug|Any CPU.Build.0 = Debug|Any CPU
		{6035B71B-F48B-4051-A9C4-6789D689DF04}.Release|Any CPU.ActiveCfg = Release|Any CPU
		{6035B71B-F48B-4051-A9C4-6789D689DF04}.Release|Any CPU.Build.0 = Release|Any CPU
		{7548CF7E-87D7-40A2-8741-F90C07C6AB2F}.Debug|Any CPU.ActiveCfg = Debug|Any CPU
		{7548CF7E-87D7-40A2-8741-F90C07C6AB2F}.Debug|Any CPU.Build.0 = Debug|Any CPU
		{7548CF7E-87D7-40A2-8741-F90C07C6AB2F}.Release|Any CPU.ActiveCfg = Release|Any CPU
		{7548CF7E-87D7-40A2-8741-F90C07C6AB2F}.Release|Any CPU.Build.0 = Release|Any CPU
	EndGlobalSection
	GlobalSection(SolutionProperties) = preSolution
		HideSolutionNode = FALSE
	EndGlobalSection
EndGlobal
