
Microsoft Visual Studio Solution File, Format Version 12.00
# Visual Studio 14
VisualStudioVersion = 14.0.25420.1
MinimumVisualStudioVersion = 10.0.40219.1
Project("{FAE04EC0-301F-11D3-BF4B-00C04F79EFBC}") = "FrannHammer.AccountRegistrationTool", "FrannHammer.AccountRegistration\FrannHammer.AccountRegistrationTool.csproj", "{B164DF04-9B05-4918-AA39-8008C8F4F5AC}"
EndProject
Project("{FAE04EC0-301F-11D3-BF4B-00C04F79EFBC}") = "FrannHammer.Api", "FrannHammer.Api\FrannHammer.Api.csproj", "{470ADA5B-56B2-45D3-8162-AB65B0350C68}"
EndProject
Project("{FAE04EC0-301F-11D3-BF4B-00C04F79EFBC}") = "FrannHammer.Core", "FrannHammer.Core\FrannHammer.Core.csproj", "{2904D4E7-8989-46BD-AC0A-B4356F190A15}"
EndProject
Project("{FAE04EC0-301F-11D3-BF4B-00C04F79EFBC}") = "FrannHammer.DataSynchro", "FrannHammer.DataSynchro\FrannHammer.DataSynchro.csproj", "{9539A472-8C2A-4DD7-86E8-91BCDD6E2BFB}"
	ProjectSection(ProjectDependencies) = postProject
		{E4F0C134-6288-438F-B5D0-C53638E866E3} = {E4F0C134-6288-438F-B5D0-C53638E866E3}
	EndProjectSection
EndProject
Project("{FAE04EC0-301F-11D3-BF4B-00C04F79EFBC}") = "FrannHammer.WebScraper", "FrannHammer.WebScraper\FrannHammer.WebScraper.csproj", "{9D3C1343-F4B4-4538-B0E0-590D3B2F5DE3}"
EndProject
Project("{FAE04EC0-301F-11D3-BF4B-00C04F79EFBC}") = "KuroganeHammer.TransferDBTool", "KuroganeHammer.TransferDBTool\KuroganeHammer.TransferDBTool.csproj", "{BBA304DE-3510-4B40-99CD-74338C6108F5}"
EndProject
Project("{FAE04EC0-301F-11D3-BF4B-00C04F79EFBC}") = "FrannHammer.Core.Tests", "FrannHammer.Core.Tests\FrannHammer.Core.Tests.csproj", "{6035B71B-F48B-4051-A9C4-6789D689DF04}"
EndProject
Project("{FAE04EC0-301F-11D3-BF4B-00C04F79EFBC}") = "FrannHammer.AccountRegistrationTool.Tests", "FrannHammer.AccountRegistrationTool.Tests\FrannHammer.AccountRegistrationTool.Tests.csproj", "{7548CF7E-87D7-40A2-8741-F90C07C6AB2F}"
EndProject
Project("{FAE04EC0-301F-11D3-BF4B-00C04F79EFBC}") = "FrannHammer.Models", "FrannHammer.Models\FrannHammer.Models.csproj", "{E4F0C134-6288-438F-B5D0-C53638E866E3}"
EndProject
Project("{FAE04EC0-301F-11D3-BF4B-00C04F79EFBC}") = "FrannHammer.Services", "FrannHammer.Services\FrannHammer.Services.csproj", "{7E5C008B-AE84-4D50-BC4B-9D49D8D53870}"
EndProject
Project("{FAE04EC0-301F-11D3-BF4B-00C04F79EFBC}") = "FrannHammer.Services.Tests", "FrannHammer.Services.Tests\FrannHammer.Services.Tests.csproj", "{26880B5B-83B8-4064-A1E5-9536D2513FF2}"
EndProject
Global
	GlobalSection(SolutionConfigurationPlatforms) = preSolution
		Debug|Any CPU = Debug|Any CPU
		Release|Any CPU = Release|Any CPU
	EndGlobalSection
	GlobalSection(ProjectConfigurationPlatforms) = postSolution
		{B164DF04-9B05-4918-AA39-8008C8F4F5AC}.Debug|Any CPU.ActiveCfg = Debug|Any CPU
		{B164DF04-9B05-4918-AA39-8008C8F4F5AC}.Debug|Any CPU.Build.0 = Debug|Any CPU
		{B164DF04-9B05-4918-AA39-8008C8F4F5AC}.Release|Any CPU.ActiveCfg = Release|Any CPU
		{B164DF04-9B05-4918-AA39-8008C8F4F5AC}.Release|Any CPU.Build.0 = Release|Any CPU
		{470ADA5B-56B2-45D3-8162-AB65B0350C68}.Debug|Any CPU.ActiveCfg = Debug|Any CPU
		{470ADA5B-56B2-45D3-8162-AB65B0350C68}.Debug|Any CPU.Build.0 = Debug|Any CPU
		{470ADA5B-56B2-45D3-8162-AB65B0350C68}.Release|Any CPU.ActiveCfg = Release|Any CPU
		{470ADA5B-56B2-45D3-8162-AB65B0350C68}.Release|Any CPU.Build.0 = Release|Any CPU
		{2904D4E7-8989-46BD-AC0A-B4356F190A15}.Debug|Any CPU.ActiveCfg = Debug|Any CPU
		{2904D4E7-8989-46BD-AC0A-B4356F190A15}.Debug|Any CPU.Build.0 = Debug|Any CPU
		{2904D4E7-8989-46BD-AC0A-B4356F190A15}.Release|Any CPU.ActiveCfg = Release|Any CPU
		{2904D4E7-8989-46BD-AC0A-B4356F190A15}.Release|Any CPU.Build.0 = Release|Any CPU
		{9539A472-8C2A-4DD7-86E8-91BCDD6E2BFB}.Debug|Any CPU.ActiveCfg = Debug|Any CPU
		{9539A472-8C2A-4DD7-86E8-91BCDD6E2BFB}.Debug|Any CPU.Build.0 = Debug|Any CPU
		{9539A472-8C2A-4DD7-86E8-91BCDD6E2BFB}.Release|Any CPU.ActiveCfg = Release|Any CPU
		{9539A472-8C2A-4DD7-86E8-91BCDD6E2BFB}.Release|Any CPU.Build.0 = Release|Any CPU
		{9D3C1343-F4B4-4538-B0E0-590D3B2F5DE3}.Debug|Any CPU.ActiveCfg = Debug|Any CPU
		{9D3C1343-F4B4-4538-B0E0-590D3B2F5DE3}.Debug|Any CPU.Build.0 = Debug|Any CPU
		{9D3C1343-F4B4-4538-B0E0-590D3B2F5DE3}.Release|Any CPU.ActiveCfg = Release|Any CPU
		{9D3C1343-F4B4-4538-B0E0-590D3B2F5DE3}.Release|Any CPU.Build.0 = Release|Any CPU
		{BBA304DE-3510-4B40-99CD-74338C6108F5}.Debug|Any CPU.ActiveCfg = Debug|Any CPU
		{BBA304DE-3510-4B40-99CD-74338C6108F5}.Debug|Any CPU.Build.0 = Debug|Any CPU
		{BBA304DE-3510-4B40-99CD-74338C6108F5}.Release|Any CPU.ActiveCfg = Release|Any CPU
		{BBA304DE-3510-4B40-99CD-74338C6108F5}.Release|Any CPU.Build.0 = Release|Any CPU
		{6035B71B-F48B-4051-A9C4-6789D689DF04}.Debug|Any CPU.ActiveCfg = Debug|Any CPU
		{6035B71B-F48B-4051-A9C4-6789D689DF04}.Debug|Any CPU.Build.0 = Debug|Any CPU
		{6035B71B-F48B-4051-A9C4-6789D689DF04}.Release|Any CPU.ActiveCfg = Release|Any CPU
		{6035B71B-F48B-4051-A9C4-6789D689DF04}.Release|Any CPU.Build.0 = Release|Any CPU
		{7548CF7E-87D7-40A2-8741-F90C07C6AB2F}.Debug|Any CPU.ActiveCfg = Debug|Any CPU
		{7548CF7E-87D7-40A2-8741-F90C07C6AB2F}.Debug|Any CPU.Build.0 = Debug|Any CPU
		{7548CF7E-87D7-40A2-8741-F90C07C6AB2F}.Release|Any CPU.ActiveCfg = Release|Any CPU
		{7548CF7E-87D7-40A2-8741-F90C07C6AB2F}.Release|Any CPU.Build.0 = Release|Any CPU
		{E4F0C134-6288-438F-B5D0-C53638E866E3}.Debug|Any CPU.ActiveCfg = Debug|Any CPU
		{E4F0C134-6288-438F-B5D0-C53638E866E3}.Debug|Any CPU.Build.0 = Debug|Any CPU
		{E4F0C134-6288-438F-B5D0-C53638E866E3}.Release|Any CPU.ActiveCfg = Release|Any CPU
		{E4F0C134-6288-438F-B5D0-C53638E866E3}.Release|Any CPU.Build.0 = Release|Any CPU
		{7E5C008B-AE84-4D50-BC4B-9D49D8D53870}.Debug|Any CPU.ActiveCfg = Debug|Any CPU
		{7E5C008B-AE84-4D50-BC4B-9D49D8D53870}.Debug|Any CPU.Build.0 = Debug|Any CPU
		{7E5C008B-AE84-4D50-BC4B-9D49D8D53870}.Release|Any CPU.ActiveCfg = Release|Any CPU
		{7E5C008B-AE84-4D50-BC4B-9D49D8D53870}.Release|Any CPU.Build.0 = Release|Any CPU
		{26880B5B-83B8-4064-A1E5-9536D2513FF2}.Debug|Any CPU.ActiveCfg = Debug|Any CPU
		{26880B5B-83B8-4064-A1E5-9536D2513FF2}.Debug|Any CPU.Build.0 = Debug|Any CPU
		{26880B5B-83B8-4064-A1E5-9536D2513FF2}.Release|Any CPU.ActiveCfg = Release|Any CPU
		{26880B5B-83B8-4064-A1E5-9536D2513FF2}.Release|Any CPU.Build.0 = Release|Any CPU
	EndGlobalSection
	GlobalSection(SolutionProperties) = preSolution
		HideSolutionNode = FALSE
	EndGlobalSection
EndGlobal
